// !$*UTF8*$!
{
	archiveVersion = 1;
	classes = {
	};
	objectVersion = 51;
	objects = {

/* Begin PBXBuildFile section */
		02D2A9AA2688C7DE0026FD2F /* AppDelegate.swift in Sources */ = {isa = PBXBuildFile; fileRef = 02D2A9A92688C7DE0026FD2F /* AppDelegate.swift */; };
		02D2A9AC2688C7DE0026FD2F /* SceneDelegate.swift in Sources */ = {isa = PBXBuildFile; fileRef = 02D2A9AB2688C7DE0026FD2F /* SceneDelegate.swift */; };
		02D2A9B12688C7DF0026FD2F /* Main.storyboard in Resources */ = {isa = PBXBuildFile; fileRef = 02D2A9AF2688C7DF0026FD2F /* Main.storyboard */; };
		02D2A9B32688C7E70026FD2F /* Assets.xcassets in Resources */ = {isa = PBXBuildFile; fileRef = 02D2A9B22688C7E70026FD2F /* Assets.xcassets */; };
		02D2A9C42688C8CB0026FD2F /* LaunchScreen.storyboard in Resources */ = {isa = PBXBuildFile; fileRef = 02D2A9C32688C8CB0026FD2F /* LaunchScreen.storyboard */; };
		02D2A9C626895CA50026FD2F /* mGenres.swift in Sources */ = {isa = PBXBuildFile; fileRef = 02D2A9C526895CA50026FD2F /* mGenres.swift */; };
		02D2A9C826895D250026FD2F /* mDiscoveryMovie.swift in Sources */ = {isa = PBXBuildFile; fileRef = 02D2A9C726895D250026FD2F /* mDiscoveryMovie.swift */; };
		02D2A9CA268965A50026FD2F /* mUserReview.swift in Sources */ = {isa = PBXBuildFile; fileRef = 02D2A9C9268965A50026FD2F /* mUserReview.swift */; };
		02D2A9CC2689680A0026FD2F /* Services.swift in Sources */ = {isa = PBXBuildFile; fileRef = 02D2A9CB2689680A0026FD2F /* Services.swift */; };
		02D2A9CE268969E30026FD2F /* ServicesPath.swift in Sources */ = {isa = PBXBuildFile; fileRef = 02D2A9CD268969E30026FD2F /* ServicesPath.swift */; };
		02D2A9D026896C470026FD2F /* ServicesParameter.swift in Sources */ = {isa = PBXBuildFile; fileRef = 02D2A9CF26896C470026FD2F /* ServicesParameter.swift */; };
		02D2A9D82689733E0026FD2F /* ProgressView.swift in Sources */ = {isa = PBXBuildFile; fileRef = 02D2A9D72689733E0026FD2F /* ProgressView.swift */; };
		02D2A9DA2689744C0026FD2F /* Extensions.swift in Sources */ = {isa = PBXBuildFile; fileRef = 02D2A9D92689744C0026FD2F /* Extensions.swift */; };
		02D2A9DD2689756B0026FD2F /* Colors.swift in Sources */ = {isa = PBXBuildFile; fileRef = 02D2A9DC2689756B0026FD2F /* Colors.swift */; };
		02D2A9DF2689761A0026FD2F /* BaseView.swift in Sources */ = {isa = PBXBuildFile; fileRef = 02D2A9DE2689761A0026FD2F /* BaseView.swift */; };
		02D2A9E2268976A00026FD2F /* BaseEmptyStateView.swift in Sources */ = {isa = PBXBuildFile; fileRef = 02D2A9E1268976A00026FD2F /* BaseEmptyStateView.swift */; };
		02D2A9E4268978160026FD2F /* Font.swift in Sources */ = {isa = PBXBuildFile; fileRef = 02D2A9E3268978160026FD2F /* Font.swift */; };
		02D2A9E6268978A50026FD2F /* TableView+Extensions.swift in Sources */ = {isa = PBXBuildFile; fileRef = 02D2A9E5268978A50026FD2F /* TableView+Extensions.swift */; };
		02D2A9E926897A8F0026FD2F /* BaseTableViewCell.swift in Sources */ = {isa = PBXBuildFile; fileRef = 02D2A9E826897A8F0026FD2F /* BaseTableViewCell.swift */; };
		02D2A9EB26897B860026FD2F /* Network.swift in Sources */ = {isa = PBXBuildFile; fileRef = 02D2A9EA26897B860026FD2F /* Network.swift */; };
		02D2A9ED26897C1E0026FD2F /* ServicesMethod+Header.swift in Sources */ = {isa = PBXBuildFile; fileRef = 02D2A9EC26897C1E0026FD2F /* ServicesMethod+Header.swift */; };
		02D2A9F02689803D0026FD2F /* BaseVC.swift in Sources */ = {isa = PBXBuildFile; fileRef = 02D2A9EF2689803D0026FD2F /* BaseVC.swift */; };
		02D2A9F2268982170026FD2F /* Helper.swift in Sources */ = {isa = PBXBuildFile; fileRef = 02D2A9F1268982170026FD2F /* Helper.swift */; };
		02D2A9F5268984210026FD2F /* MainController.swift in Sources */ = {isa = PBXBuildFile; fileRef = 02D2A9F4268984200026FD2F /* MainController.swift */; };
		02D2A9F72689842D0026FD2F /* MainTabBarController.swift in Sources */ = {isa = PBXBuildFile; fileRef = 02D2A9F62689842D0026FD2F /* MainTabBarController.swift */; };
		02D2A9FD2689AD9F0026FD2F /* HomeGenreVC.swift in Sources */ = {isa = PBXBuildFile; fileRef = 02D2A9FC2689AD9F0026FD2F /* HomeGenreVC.swift */; };
		02D2A9FF2689ADC10026FD2F /* SearchMovieVC.swift in Sources */ = {isa = PBXBuildFile; fileRef = 02D2A9FE2689ADC10026FD2F /* SearchMovieVC.swift */; };
		02D2AA012689B1550026FD2F /* Images.swift in Sources */ = {isa = PBXBuildFile; fileRef = 02D2AA002689B1550026FD2F /* Images.swift */; };
		119BA9618364FA2FAFEAEFEC /* Pods_The_Movies.framework in Frameworks */ = {isa = PBXBuildFile; fileRef = 2277DB52EDFCD06E0539D94C /* Pods_The_Movies.framework */; };
		D9111C142689D18C00539A95 /* BaseCollectionViewCell.swift in Sources */ = {isa = PBXBuildFile; fileRef = D9111C132689D18C00539A95 /* BaseCollectionViewCell.swift */; };
		D9111C172689D3BD00539A95 /* GenresCollectionCell.swift in Sources */ = {isa = PBXBuildFile; fileRef = D9111C162689D3BD00539A95 /* GenresCollectionCell.swift */; };
/* End PBXBuildFile section */

/* Begin PBXFileReference section */
		02D2A9A62688C7DE0026FD2F /* The Movies.app */ = {isa = PBXFileReference; explicitFileType = wrapper.application; includeInIndex = 0; path = "The Movies.app"; sourceTree = BUILT_PRODUCTS_DIR; };
		02D2A9A92688C7DE0026FD2F /* AppDelegate.swift */ = {isa = PBXFileReference; lastKnownFileType = sourcecode.swift; path = AppDelegate.swift; sourceTree = "<group>"; };
		02D2A9AB2688C7DE0026FD2F /* SceneDelegate.swift */ = {isa = PBXFileReference; lastKnownFileType = sourcecode.swift; path = SceneDelegate.swift; sourceTree = "<group>"; };
		02D2A9B02688C7DF0026FD2F /* Base */ = {isa = PBXFileReference; lastKnownFileType = file.storyboard; name = Base; path = Base.lproj/Main.storyboard; sourceTree = "<group>"; };
		02D2A9B22688C7E70026FD2F /* Assets.xcassets */ = {isa = PBXFileReference; lastKnownFileType = folder.assetcatalog; path = Assets.xcassets; sourceTree = "<group>"; };
		02D2A9B72688C7E70026FD2F /* Info.plist */ = {isa = PBXFileReference; lastKnownFileType = text.plist.xml; path = Info.plist; sourceTree = "<group>"; };
		02D2A9C32688C8CB0026FD2F /* LaunchScreen.storyboard */ = {isa = PBXFileReference; fileEncoding = 4; lastKnownFileType = file.storyboard; path = LaunchScreen.storyboard; sourceTree = "<group>"; };
		02D2A9C526895CA50026FD2F /* mGenres.swift */ = {isa = PBXFileReference; lastKnownFileType = sourcecode.swift; path = mGenres.swift; sourceTree = "<group>"; };
		02D2A9C726895D250026FD2F /* mDiscoveryMovie.swift */ = {isa = PBXFileReference; lastKnownFileType = sourcecode.swift; path = mDiscoveryMovie.swift; sourceTree = "<group>"; };
		02D2A9C9268965A50026FD2F /* mUserReview.swift */ = {isa = PBXFileReference; lastKnownFileType = sourcecode.swift; path = mUserReview.swift; sourceTree = "<group>"; };
		02D2A9CB2689680A0026FD2F /* Services.swift */ = {isa = PBXFileReference; lastKnownFileType = sourcecode.swift; path = Services.swift; sourceTree = "<group>"; };
		02D2A9CD268969E30026FD2F /* ServicesPath.swift */ = {isa = PBXFileReference; lastKnownFileType = sourcecode.swift; path = ServicesPath.swift; sourceTree = "<group>"; };
		02D2A9CF26896C470026FD2F /* ServicesParameter.swift */ = {isa = PBXFileReference; lastKnownFileType = sourcecode.swift; path = ServicesParameter.swift; sourceTree = "<group>"; };
		02D2A9D72689733E0026FD2F /* ProgressView.swift */ = {isa = PBXFileReference; lastKnownFileType = sourcecode.swift; path = ProgressView.swift; sourceTree = "<group>"; };
		02D2A9D92689744C0026FD2F /* Extensions.swift */ = {isa = PBXFileReference; lastKnownFileType = sourcecode.swift; path = Extensions.swift; sourceTree = "<group>"; };
		02D2A9DC2689756B0026FD2F /* Colors.swift */ = {isa = PBXFileReference; lastKnownFileType = sourcecode.swift; path = Colors.swift; sourceTree = "<group>"; };
		02D2A9DE2689761A0026FD2F /* BaseView.swift */ = {isa = PBXFileReference; lastKnownFileType = sourcecode.swift; path = BaseView.swift; sourceTree = "<group>"; };
		02D2A9E1268976A00026FD2F /* BaseEmptyStateView.swift */ = {isa = PBXFileReference; lastKnownFileType = sourcecode.swift; path = BaseEmptyStateView.swift; sourceTree = "<group>"; };
		02D2A9E3268978160026FD2F /* Font.swift */ = {isa = PBXFileReference; lastKnownFileType = sourcecode.swift; path = Font.swift; sourceTree = "<group>"; };
		02D2A9E5268978A50026FD2F /* TableView+Extensions.swift */ = {isa = PBXFileReference; lastKnownFileType = sourcecode.swift; path = "TableView+Extensions.swift"; sourceTree = "<group>"; };
		02D2A9E826897A8F0026FD2F /* BaseTableViewCell.swift */ = {isa = PBXFileReference; lastKnownFileType = sourcecode.swift; path = BaseTableViewCell.swift; sourceTree = "<group>"; };
		02D2A9EA26897B860026FD2F /* Network.swift */ = {isa = PBXFileReference; lastKnownFileType = sourcecode.swift; path = Network.swift; sourceTree = "<group>"; };
		02D2A9EC26897C1E0026FD2F /* ServicesMethod+Header.swift */ = {isa = PBXFileReference; lastKnownFileType = sourcecode.swift; path = "ServicesMethod+Header.swift"; sourceTree = "<group>"; };
		02D2A9EF2689803D0026FD2F /* BaseVC.swift */ = {isa = PBXFileReference; lastKnownFileType = sourcecode.swift; path = BaseVC.swift; sourceTree = "<group>"; };
		02D2A9F1268982170026FD2F /* Helper.swift */ = {isa = PBXFileReference; lastKnownFileType = sourcecode.swift; path = Helper.swift; sourceTree = "<group>"; };
		02D2A9F4268984200026FD2F /* MainController.swift */ = {isa = PBXFileReference; lastKnownFileType = sourcecode.swift; path = MainController.swift; sourceTree = "<group>"; };
		02D2A9F62689842D0026FD2F /* MainTabBarController.swift */ = {isa = PBXFileReference; lastKnownFileType = sourcecode.swift; path = MainTabBarController.swift; sourceTree = "<group>"; };
		02D2A9FC2689AD9F0026FD2F /* HomeGenreVC.swift */ = {isa = PBXFileReference; lastKnownFileType = sourcecode.swift; path = HomeGenreVC.swift; sourceTree = "<group>"; };
		02D2A9FE2689ADC10026FD2F /* SearchMovieVC.swift */ = {isa = PBXFileReference; lastKnownFileType = sourcecode.swift; path = SearchMovieVC.swift; sourceTree = "<group>"; };
		02D2AA002689B1550026FD2F /* Images.swift */ = {isa = PBXFileReference; lastKnownFileType = sourcecode.swift; path = Images.swift; sourceTree = "<group>"; };
		2277DB52EDFCD06E0539D94C /* Pods_The_Movies.framework */ = {isa = PBXFileReference; explicitFileType = wrapper.framework; includeInIndex = 0; path = Pods_The_Movies.framework; sourceTree = BUILT_PRODUCTS_DIR; };
		718725B541D541B506360130 /* Pods-The Movies.release.xcconfig */ = {isa = PBXFileReference; includeInIndex = 1; lastKnownFileType = text.xcconfig; name = "Pods-The Movies.release.xcconfig"; path = "Target Support Files/Pods-The Movies/Pods-The Movies.release.xcconfig"; sourceTree = "<group>"; };
		CA9E64B00ED68E494004875D /* Pods-The Movies.debug.xcconfig */ = {isa = PBXFileReference; includeInIndex = 1; lastKnownFileType = text.xcconfig; name = "Pods-The Movies.debug.xcconfig"; path = "Target Support Files/Pods-The Movies/Pods-The Movies.debug.xcconfig"; sourceTree = "<group>"; };
		D9111C132689D18C00539A95 /* BaseCollectionViewCell.swift */ = {isa = PBXFileReference; lastKnownFileType = sourcecode.swift; path = BaseCollectionViewCell.swift; sourceTree = "<group>"; };
		D9111C162689D3BD00539A95 /* GenresCollectionCell.swift */ = {isa = PBXFileReference; lastKnownFileType = sourcecode.swift; path = GenresCollectionCell.swift; sourceTree = "<group>"; };
/* End PBXFileReference section */

/* Begin PBXFrameworksBuildPhase section */
		02D2A9A32688C7DE0026FD2F /* Frameworks */ = {
			isa = PBXFrameworksBuildPhase;
			buildActionMask = 2147483647;
			files = (
				119BA9618364FA2FAFEAEFEC /* Pods_The_Movies.framework in Frameworks */,
			);
			runOnlyForDeploymentPostprocessing = 0;
		};
/* End PBXFrameworksBuildPhase section */

/* Begin PBXGroup section */
		02D2A99D2688C7DE0026FD2F = {
			isa = PBXGroup;
			children = (
				02D2A9A82688C7DE0026FD2F /* The Movies */,
				02D2A9A72688C7DE0026FD2F /* Products */,
				2B362C5461778E0787E968F1 /* Pods */,
				243FFEB4E948D3FF17033AA2 /* Frameworks */,
			);
			sourceTree = "<group>";
		};
		02D2A9A72688C7DE0026FD2F /* Products */ = {
			isa = PBXGroup;
			children = (
				02D2A9A62688C7DE0026FD2F /* The Movies.app */,
			);
			name = Products;
			sourceTree = "<group>";
		};
		02D2A9A82688C7DE0026FD2F /* The Movies */ = {
			isa = PBXGroup;
			children = (
				02D2A9C02688C85A0026FD2F /* Custom */,
				02D2A9DB2689751B0026FD2F /* Helper */,
				02D2A9C12688C8600026FD2F /* Network */,
				02D2A9BF2688C8500026FD2F /* Model */,
				02D2A9BD2688C7EF0026FD2F /* ViewController */,
				02D2A9A92688C7DE0026FD2F /* AppDelegate.swift */,
				02D2A9AB2688C7DE0026FD2F /* SceneDelegate.swift */,
				02D2A9C32688C8CB0026FD2F /* LaunchScreen.storyboard */,
				02D2A9AF2688C7DF0026FD2F /* Main.storyboard */,
				02D2A9B22688C7E70026FD2F /* Assets.xcassets */,
				02D2A9B72688C7E70026FD2F /* Info.plist */,
			);
			path = "The Movies";
			sourceTree = "<group>";
		};
		02D2A9BD2688C7EF0026FD2F /* ViewController */ = {
			isa = PBXGroup;
			children = (
				02D2A9EE268980310026FD2F /* Base */,
				02D2A9F32689840C0026FD2F /* Main */,
				02D2A9F82689AD1C0026FD2F /* Home */,
				02D2A9F92689AD4A0026FD2F /* Search */,
			);
			path = ViewController;
			sourceTree = "<group>";
		};
		02D2A9BF2688C8500026FD2F /* Model */ = {
			isa = PBXGroup;
			children = (
				02D2A9C526895CA50026FD2F /* mGenres.swift */,
				02D2A9C726895D250026FD2F /* mDiscoveryMovie.swift */,
				02D2A9C9268965A50026FD2F /* mUserReview.swift */,
			);
			path = Model;
			sourceTree = "<group>";
		};
		02D2A9C02688C85A0026FD2F /* Custom */ = {
			isa = PBXGroup;
			children = (
				02D2A9D526896FD20026FD2F /* Extensions */,
				02D2A9D626896FD70026FD2F /* Base */,
			);
			path = Custom;
			sourceTree = "<group>";
		};
		02D2A9C12688C8600026FD2F /* Network */ = {
			isa = PBXGroup;
			children = (
				02D2A9CB2689680A0026FD2F /* Services.swift */,
				02D2A9CD268969E30026FD2F /* ServicesPath.swift */,
				02D2A9CF26896C470026FD2F /* ServicesParameter.swift */,
				02D2A9EC26897C1E0026FD2F /* ServicesMethod+Header.swift */,
				02D2A9EA26897B860026FD2F /* Network.swift */,
			);
			path = Network;
			sourceTree = "<group>";
		};
		02D2A9D526896FD20026FD2F /* Extensions */ = {
			isa = PBXGroup;
			children = (
				02D2A9D92689744C0026FD2F /* Extensions.swift */,
				02D2A9E5268978A50026FD2F /* TableView+Extensions.swift */,
			);
			path = Extensions;
			sourceTree = "<group>";
		};
		02D2A9D626896FD70026FD2F /* Base */ = {
			isa = PBXGroup;
			children = (
				02D2A9E02689768A0026FD2F /* View */,
				02D2A9E726897A790026FD2F /* TableViewCell */,
				D9111C122689D16000539A95 /* CollectionViewCell */,
			);
			path = Base;
			sourceTree = "<group>";
		};
		02D2A9DB2689751B0026FD2F /* Helper */ = {
			isa = PBXGroup;
			children = (
				02D2A9DC2689756B0026FD2F /* Colors.swift */,
				02D2A9E3268978160026FD2F /* Font.swift */,
				02D2A9F1268982170026FD2F /* Helper.swift */,
				02D2AA002689B1550026FD2F /* Images.swift */,
			);
			path = Helper;
			sourceTree = "<group>";
		};
		02D2A9E02689768A0026FD2F /* View */ = {
			isa = PBXGroup;
			children = (
				02D2A9DE2689761A0026FD2F /* BaseView.swift */,
				02D2A9E1268976A00026FD2F /* BaseEmptyStateView.swift */,
				02D2A9D72689733E0026FD2F /* ProgressView.swift */,
			);
			path = View;
			sourceTree = "<group>";
		};
		02D2A9E726897A790026FD2F /* TableViewCell */ = {
			isa = PBXGroup;
			children = (
				02D2A9E826897A8F0026FD2F /* BaseTableViewCell.swift */,
			);
			path = TableViewCell;
			sourceTree = "<group>";
		};
		02D2A9EE268980310026FD2F /* Base */ = {
			isa = PBXGroup;
			children = (
				02D2A9EF2689803D0026FD2F /* BaseVC.swift */,
			);
			path = Base;
			sourceTree = "<group>";
		};
		02D2A9F32689840C0026FD2F /* Main */ = {
			isa = PBXGroup;
			children = (
				02D2A9F4268984200026FD2F /* MainController.swift */,
				02D2A9F62689842D0026FD2F /* MainTabBarController.swift */,
			);
			path = Main;
			sourceTree = "<group>";
		};
		02D2A9F82689AD1C0026FD2F /* Home */ = {
			isa = PBXGroup;
			children = (
				D9111C152689D3AC00539A95 /* Components */,
				02D2A9FC2689AD9F0026FD2F /* HomeGenreVC.swift */,
			);
			path = Home;
			sourceTree = "<group>";
		};
		02D2A9F92689AD4A0026FD2F /* Search */ = {
			isa = PBXGroup;
			children = (
				02D2A9FE2689ADC10026FD2F /* SearchMovieVC.swift */,
			);
			path = Search;
			sourceTree = "<group>";
		};
		243FFEB4E948D3FF17033AA2 /* Frameworks */ = {
			isa = PBXGroup;
			children = (
				2277DB52EDFCD06E0539D94C /* Pods_The_Movies.framework */,
			);
			name = Frameworks;
			sourceTree = "<group>";
		};
		2B362C5461778E0787E968F1 /* Pods */ = {
			isa = PBXGroup;
			children = (
				CA9E64B00ED68E494004875D /* Pods-The Movies.debug.xcconfig */,
				718725B541D541B506360130 /* Pods-The Movies.release.xcconfig */,
			);
			path = Pods;
			sourceTree = "<group>";
		};
		D9111C122689D16000539A95 /* CollectionViewCell */ = {
			isa = PBXGroup;
			children = (
				D9111C132689D18C00539A95 /* BaseCollectionViewCell.swift */,
			);
			path = CollectionViewCell;
			sourceTree = "<group>";
		};
		D9111C152689D3AC00539A95 /* Components */ = {
			isa = PBXGroup;
			children = (
				D9111C162689D3BD00539A95 /* GenresCollectionCell.swift */,
			);
			path = Components;
			sourceTree = "<group>";
		};
/* End PBXGroup section */

/* Begin PBXNativeTarget section */
		02D2A9A52688C7DE0026FD2F /* The Movies */ = {
			isa = PBXNativeTarget;
			buildConfigurationList = 02D2A9BA2688C7E70026FD2F /* Build configuration list for PBXNativeTarget "The Movies" */;
			buildPhases = (
				D7293B8077CE83CA8ED6F1AE /* [CP] Check Pods Manifest.lock */,
				02D2A9A22688C7DE0026FD2F /* Sources */,
				02D2A9A32688C7DE0026FD2F /* Frameworks */,
				02D2A9A42688C7DE0026FD2F /* Resources */,
				1CB724217A04D402E0407AC9 /* [CP] Embed Pods Frameworks */,
			);
			buildRules = (
			);
			dependencies = (
			);
			name = "The Movies";
			productName = "The Movies";
			productReference = 02D2A9A62688C7DE0026FD2F /* The Movies.app */;
			productType = "com.apple.product-type.application";
		};
/* End PBXNativeTarget section */

/* Begin PBXProject section */
		02D2A99E2688C7DE0026FD2F /* Project object */ = {
			isa = PBXProject;
			attributes = {
				LastSwiftUpdateCheck = 1250;
				LastUpgradeCheck = 1250;
				TargetAttributes = {
					02D2A9A52688C7DE0026FD2F = {
						CreatedOnToolsVersion = 12.5;
					};
				};
			};
			buildConfigurationList = 02D2A9A12688C7DE0026FD2F /* Build configuration list for PBXProject "The Movies" */;
			compatibilityVersion = "Xcode 9.3";
			developmentRegion = en;
			hasScannedForEncodings = 0;
			knownRegions = (
				en,
				Base,
			);
			mainGroup = 02D2A99D2688C7DE0026FD2F;
			productRefGroup = 02D2A9A72688C7DE0026FD2F /* Products */;
			projectDirPath = "";
			projectRoot = "";
			targets = (
				02D2A9A52688C7DE0026FD2F /* The Movies */,
			);
		};
/* End PBXProject section */

/* Begin PBXResourcesBuildPhase section */
		02D2A9A42688C7DE0026FD2F /* Resources */ = {
			isa = PBXResourcesBuildPhase;
			buildActionMask = 2147483647;
			files = (
				02D2A9C42688C8CB0026FD2F /* LaunchScreen.storyboard in Resources */,
				02D2A9B32688C7E70026FD2F /* Assets.xcassets in Resources */,
				02D2A9B12688C7DF0026FD2F /* Main.storyboard in Resources */,
			);
			runOnlyForDeploymentPostprocessing = 0;
		};
/* End PBXResourcesBuildPhase section */

/* Begin PBXShellScriptBuildPhase section */
		1CB724217A04D402E0407AC9 /* [CP] Embed Pods Frameworks */ = {
			isa = PBXShellScriptBuildPhase;
			buildActionMask = 2147483647;
			files = (
			);
			inputFileListPaths = (
				"${PODS_ROOT}/Target Support Files/Pods-The Movies/Pods-The Movies-frameworks-${CONFIGURATION}-input-files.xcfilelist",
			);
			name = "[CP] Embed Pods Frameworks";
			outputFileListPaths = (
				"${PODS_ROOT}/Target Support Files/Pods-The Movies/Pods-The Movies-frameworks-${CONFIGURATION}-output-files.xcfilelist",
			);
			runOnlyForDeploymentPostprocessing = 0;
			shellPath = /bin/sh;
			shellScript = "\"${PODS_ROOT}/Target Support Files/Pods-The Movies/Pods-The Movies-frameworks.sh\"\n";
			showEnvVarsInLog = 0;
		};
		D7293B8077CE83CA8ED6F1AE /* [CP] Check Pods Manifest.lock */ = {
			isa = PBXShellScriptBuildPhase;
			buildActionMask = 2147483647;
			files = (
			);
			inputFileListPaths = (
			);
			inputPaths = (
				"${PODS_PODFILE_DIR_PATH}/Podfile.lock",
				"${PODS_ROOT}/Manifest.lock",
			);
			name = "[CP] Check Pods Manifest.lock";
			outputFileListPaths = (
			);
			outputPaths = (
				"$(DERIVED_FILE_DIR)/Pods-The Movies-checkManifestLockResult.txt",
			);
			runOnlyForDeploymentPostprocessing = 0;
			shellPath = /bin/sh;
			shellScript = "diff \"${PODS_PODFILE_DIR_PATH}/Podfile.lock\" \"${PODS_ROOT}/Manifest.lock\" > /dev/null\nif [ $? != 0 ] ; then\n    # print error to STDERR\n    echo \"error: The sandbox is not in sync with the Podfile.lock. Run 'pod install' or update your CocoaPods installation.\" >&2\n    exit 1\nfi\n# This output is used by Xcode 'outputs' to avoid re-running this script phase.\necho \"SUCCESS\" > \"${SCRIPT_OUTPUT_FILE_0}\"\n";
			showEnvVarsInLog = 0;
		};
/* End PBXShellScriptBuildPhase section */

/* Begin PBXSourcesBuildPhase section */
		02D2A9A22688C7DE0026FD2F /* Sources */ = {
			isa = PBXSourcesBuildPhase;
			buildActionMask = 2147483647;
			files = (
				02D2A9E926897A8F0026FD2F /* BaseTableViewCell.swift in Sources */,
				02D2A9F5268984210026FD2F /* MainController.swift in Sources */,
				02D2A9F72689842D0026FD2F /* MainTabBarController.swift in Sources */,
				02D2A9ED26897C1E0026FD2F /* ServicesMethod+Header.swift in Sources */,
				02D2A9FD2689AD9F0026FD2F /* HomeGenreVC.swift in Sources */,
				02D2A9CA268965A50026FD2F /* mUserReview.swift in Sources */,
				02D2A9DD2689756B0026FD2F /* Colors.swift in Sources */,
				02D2A9F02689803D0026FD2F /* BaseVC.swift in Sources */,
				02D2A9E4268978160026FD2F /* Font.swift in Sources */,
				02D2A9CC2689680A0026FD2F /* Services.swift in Sources */,
				D9111C172689D3BD00539A95 /* GenresCollectionCell.swift in Sources */,
				02D2A9F2268982170026FD2F /* Helper.swift in Sources */,
				D9111C142689D18C00539A95 /* BaseCollectionViewCell.swift in Sources */,
				02D2A9DF2689761A0026FD2F /* BaseView.swift in Sources */,
				02D2A9AA2688C7DE0026FD2F /* AppDelegate.swift in Sources */,
				02D2A9C826895D250026FD2F /* mDiscoveryMovie.swift in Sources */,
				02D2A9E6268978A50026FD2F /* TableView+Extensions.swift in Sources */,
				02D2A9CE268969E30026FD2F /* ServicesPath.swift in Sources */,
				02D2A9EB26897B860026FD2F /* Network.swift in Sources */,
				02D2A9DA2689744C0026FD2F /* Extensions.swift in Sources */,
				02D2A9AC2688C7DE0026FD2F /* SceneDelegate.swift in Sources */,
				02D2A9E2268976A00026FD2F /* BaseEmptyStateView.swift in Sources */,
				02D2A9C626895CA50026FD2F /* mGenres.swift in Sources */,
				02D2A9FF2689ADC10026FD2F /* SearchMovieVC.swift in Sources */,
				02D2AA012689B1550026FD2F /* Images.swift in Sources */,
				02D2A9D026896C470026FD2F /* ServicesParameter.swift in Sources */,
				02D2A9D82689733E0026FD2F /* ProgressView.swift in Sources */,
			);
			runOnlyForDeploymentPostprocessing = 0;
		};
/* End PBXSourcesBuildPhase section */

/* Begin PBXVariantGroup section */
		02D2A9AF2688C7DF0026FD2F /* Main.storyboard */ = {
			isa = PBXVariantGroup;
			children = (
				02D2A9B02688C7DF0026FD2F /* Base */,
			);
			name = Main.storyboard;
			sourceTree = "<group>";
		};
/* End PBXVariantGroup section */

/* Begin XCBuildConfiguration section */
		02D2A9B82688C7E70026FD2F /* Debug */ = {
			isa = XCBuildConfiguration;
			buildSettings = {
				ALWAYS_SEARCH_USER_PATHS = NO;
				CLANG_ANALYZER_NONNULL = YES;
				CLANG_ANALYZER_NUMBER_OBJECT_CONVERSION = YES_AGGRESSIVE;
				CLANG_CXX_LANGUAGE_STANDARD = "gnu++14";
				CLANG_CXX_LIBRARY = "libc++";
				CLANG_ENABLE_MODULES = YES;
				CLANG_ENABLE_OBJC_ARC = YES;
				CLANG_ENABLE_OBJC_WEAK = YES;
				CLANG_WARN_BLOCK_CAPTURE_AUTORELEASING = YES;
				CLANG_WARN_BOOL_CONVERSION = YES;
				CLANG_WARN_COMMA = YES;
				CLANG_WARN_CONSTANT_CONVERSION = YES;
				CLANG_WARN_DEPRECATED_OBJC_IMPLEMENTATIONS = YES;
				CLANG_WARN_DIRECT_OBJC_ISA_USAGE = YES_ERROR;
				CLANG_WARN_DOCUMENTATION_COMMENTS = YES;
				CLANG_WARN_EMPTY_BODY = YES;
				CLANG_WARN_ENUM_CONVERSION = YES;
				CLANG_WARN_INFINITE_RECURSION = YES;
				CLANG_WARN_INT_CONVERSION = YES;
				CLANG_WARN_NON_LITERAL_NULL_CONVERSION = YES;
				CLANG_WARN_OBJC_IMPLICIT_RETAIN_SELF = YES;
				CLANG_WARN_OBJC_LITERAL_CONVERSION = YES;
				CLANG_WARN_OBJC_ROOT_CLASS = YES_ERROR;
				CLANG_WARN_QUOTED_INCLUDE_IN_FRAMEWORK_HEADER = YES;
				CLANG_WARN_RANGE_LOOP_ANALYSIS = YES;
				CLANG_WARN_STRICT_PROTOTYPES = YES;
				CLANG_WARN_SUSPICIOUS_MOVE = YES;
				CLANG_WARN_UNGUARDED_AVAILABILITY = YES_AGGRESSIVE;
				CLANG_WARN_UNREACHABLE_CODE = YES;
				CLANG_WARN__DUPLICATE_METHOD_MATCH = YES;
				COPY_PHASE_STRIP = NO;
				DEBUG_INFORMATION_FORMAT = dwarf;
				ENABLE_STRICT_OBJC_MSGSEND = YES;
				ENABLE_TESTABILITY = YES;
				GCC_C_LANGUAGE_STANDARD = gnu11;
				GCC_DYNAMIC_NO_PIC = NO;
				GCC_NO_COMMON_BLOCKS = YES;
				GCC_OPTIMIZATION_LEVEL = 0;
				GCC_PREPROCESSOR_DEFINITIONS = (
					"DEBUG=1",
					"$(inherited)",
				);
				GCC_WARN_64_TO_32_BIT_CONVERSION = YES;
				GCC_WARN_ABOUT_RETURN_TYPE = YES_ERROR;
				GCC_WARN_UNDECLARED_SELECTOR = YES;
				GCC_WARN_UNINITIALIZED_AUTOS = YES_AGGRESSIVE;
				GCC_WARN_UNUSED_FUNCTION = YES;
				GCC_WARN_UNUSED_VARIABLE = YES;
				IPHONEOS_DEPLOYMENT_TARGET = 12.1;
				MTL_ENABLE_DEBUG_INFO = INCLUDE_SOURCE;
				MTL_FAST_MATH = YES;
				ONLY_ACTIVE_ARCH = YES;
				SDKROOT = iphoneos;
				SWIFT_ACTIVE_COMPILATION_CONDITIONS = DEBUG;
				SWIFT_OPTIMIZATION_LEVEL = "-Onone";
			};
			name = Debug;
		};
		02D2A9B92688C7E70026FD2F /* Release */ = {
			isa = XCBuildConfiguration;
			buildSettings = {
				ALWAYS_SEARCH_USER_PATHS = NO;
				CLANG_ANALYZER_NONNULL = YES;
				CLANG_ANALYZER_NUMBER_OBJECT_CONVERSION = YES_AGGRESSIVE;
				CLANG_CXX_LANGUAGE_STANDARD = "gnu++14";
				CLANG_CXX_LIBRARY = "libc++";
				CLANG_ENABLE_MODULES = YES;
				CLANG_ENABLE_OBJC_ARC = YES;
				CLANG_ENABLE_OBJC_WEAK = YES;
				CLANG_WARN_BLOCK_CAPTURE_AUTORELEASING = YES;
				CLANG_WARN_BOOL_CONVERSION = YES;
				CLANG_WARN_COMMA = YES;
				CLANG_WARN_CONSTANT_CONVERSION = YES;
				CLANG_WARN_DEPRECATED_OBJC_IMPLEMENTATIONS = YES;
				CLANG_WARN_DIRECT_OBJC_ISA_USAGE = YES_ERROR;
				CLANG_WARN_DOCUMENTATION_COMMENTS = YES;
				CLANG_WARN_EMPTY_BODY = YES;
				CLANG_WARN_ENUM_CONVERSION = YES;
				CLANG_WARN_INFINITE_RECURSION = YES;
				CLANG_WARN_INT_CONVERSION = YES;
				CLANG_WARN_NON_LITERAL_NULL_CONVERSION = YES;
				CLANG_WARN_OBJC_IMPLICIT_RETAIN_SELF = YES;
				CLANG_WARN_OBJC_LITERAL_CONVERSION = YES;
				CLANG_WARN_OBJC_ROOT_CLASS = YES_ERROR;
				CLANG_WARN_QUOTED_INCLUDE_IN_FRAMEWORK_HEADER = YES;
				CLANG_WARN_RANGE_LOOP_ANALYSIS = YES;
				CLANG_WARN_STRICT_PROTOTYPES = YES;
				CLANG_WARN_SUSPICIOUS_MOVE = YES;
				CLANG_WARN_UNGUARDED_AVAILABILITY = YES_AGGRESSIVE;
				CLANG_WARN_UNREACHABLE_CODE = YES;
				CLANG_WARN__DUPLICATE_METHOD_MATCH = YES;
				COPY_PHASE_STRIP = NO;
				DEBUG_INFORMATION_FORMAT = "dwarf-with-dsym";
				ENABLE_NS_ASSERTIONS = NO;
				ENABLE_STRICT_OBJC_MSGSEND = YES;
				GCC_C_LANGUAGE_STANDARD = gnu11;
				GCC_NO_COMMON_BLOCKS = YES;
				GCC_WARN_64_TO_32_BIT_CONVERSION = YES;
				GCC_WARN_ABOUT_RETURN_TYPE = YES_ERROR;
				GCC_WARN_UNDECLARED_SELECTOR = YES;
				GCC_WARN_UNINITIALIZED_AUTOS = YES_AGGRESSIVE;
				GCC_WARN_UNUSED_FUNCTION = YES;
				GCC_WARN_UNUSED_VARIABLE = YES;
				IPHONEOS_DEPLOYMENT_TARGET = 12.1;
				MTL_ENABLE_DEBUG_INFO = NO;
				MTL_FAST_MATH = YES;
				SDKROOT = iphoneos;
				SWIFT_COMPILATION_MODE = wholemodule;
				SWIFT_OPTIMIZATION_LEVEL = "-O";
				VALIDATE_PRODUCT = YES;
			};
			name = Release;
		};
		02D2A9BB2688C7E70026FD2F /* Debug */ = {
			isa = XCBuildConfiguration;
			baseConfigurationReference = CA9E64B00ED68E494004875D /* Pods-The Movies.debug.xcconfig */;
			buildSettings = {
				ASSETCATALOG_COMPILER_APPICON_NAME = AppIcon;
				ASSETCATALOG_COMPILER_GLOBAL_ACCENT_COLOR_NAME = AccentColor;
				CODE_SIGN_STYLE = Automatic;
				DEVELOPMENT_TEAM = UHSYUAN5UV;
				INFOPLIST_FILE = "The Movies/Info.plist";
				IPHONEOS_DEPLOYMENT_TARGET = 12.1;
				LD_RUNPATH_SEARCH_PATHS = (
					"$(inherited)",
					"@executable_path/Frameworks",
				);
				PRODUCT_BUNDLE_IDENTIFIER = "com.maul.The-Movies";
				PRODUCT_NAME = "$(TARGET_NAME)";
				SWIFT_VERSION = 5.0;
				TARGETED_DEVICE_FAMILY = "1,2";
			};
			name = Debug;
		};
		02D2A9BC2688C7E70026FD2F /* Release */ = {
			isa = XCBuildConfiguration;
			baseConfigurationReference = 718725B541D541B506360130 /* Pods-The Movies.release.xcconfig */;
			buildSettings = {
				ASSETCATALOG_COMPILER_APPICON_NAME = AppIcon;
				ASSETCATALOG_COMPILER_GLOBAL_ACCENT_COLOR_NAME = AccentColor;
				CODE_SIGN_STYLE = Automatic;
				DEVELOPMENT_TEAM = UHSYUAN5UV;
				INFOPLIST_FILE = "The Movies/Info.plist";
				IPHONEOS_DEPLOYMENT_TARGET = 12.1;
				LD_RUNPATH_SEARCH_PATHS = (
					"$(inherited)",
					"@executable_path/Frameworks",
				);
				PRODUCT_BUNDLE_IDENTIFIER = "com.maul.The-Movies";
				PRODUCT_NAME = "$(TARGET_NAME)";
				SWIFT_VERSION = 5.0;
				TARGETED_DEVICE_FAMILY = "1,2";
			};
			name = Release;
		};
/* End XCBuildConfiguration section */

/* Begin XCConfigurationList section */
		02D2A9A12688C7DE0026FD2F /* Build configuration list for PBXProject "The Movies" */ = {
			isa = XCConfigurationList;
			buildConfigurations = (
				02D2A9B82688C7E70026FD2F /* Debug */,
				02D2A9B92688C7E70026FD2F /* Release */,
			);
			defaultConfigurationIsVisible = 0;
			defaultConfigurationName = Release;
		};
		02D2A9BA2688C7E70026FD2F /* Build configuration list for PBXNativeTarget "The Movies" */ = {
			isa = XCConfigurationList;
			buildConfigurations = (
				02D2A9BB2688C7E70026FD2F /* Debug */,
				02D2A9BC2688C7E70026FD2F /* Release */,
			);
			defaultConfigurationIsVisible = 0;
			defaultConfigurationName = Release;
		};
/* End XCConfigurationList section */
	};
	rootObject = 02D2A99E2688C7DE0026FD2F /* Project object */;
}
